
Microsoft Visual Studio Solution File, Format Version 12.00
# Visual Studio Version 17
VisualStudioVersion = 17.9.34728.123
MinimumVisualStudioVersion = 10.0.40219.1
Project("{2150E333-8FDC-42A3-9474-1A3956D46DE8}") = "src", "src", "{FF14614C-DC47-4403-882A-566E234CE9BC}"
EndProject
Project("{9A19103F-16F7-4668-BE54-9A1E7A4F7556}") = "Shared", "src\Shared\Shared.csproj", "{7C1A5B86-ED79-4227-AA97-F5CD1A2B1F19}"
EndProject
Project("{9A19103F-16F7-4668-BE54-9A1E7A4F7556}") = "DDD_CQRS_Sample.Api", "src\DDD_CQRS_Sample.Api\DDD_CQRS_Sample.Api.csproj", "{5DFADCF9-9F01-48F1-8D22-F916522E676F}"
EndProject
Project("{9A19103F-16F7-4668-BE54-9A1E7A4F7556}") = "DDD_CQRS_Sample.Application", "src\DDD_CQRS_Sample.Application\DDD_CQRS_Sample.Application.csproj", "{A6A2C00B-7065-4334-8AE9-6BF8C7B7A0C5}"
EndProject
Project("{9A19103F-16F7-4668-BE54-9A1E7A4F7556}") = "DDD_CQRS_Sample.Domain", "src\DDD_CQRS_Sample.Domain\DDD_CQRS_Sample.Domain.csproj", "{3300CE2A-7ED1-46B8-A56D-40F76B440318}"
EndProject
Project("{9A19103F-16F7-4668-BE54-9A1E7A4F7556}") = "DDD_CQRS_Sample.Infrastructure", "src\DDD_CQRS_Sample.Infrastructure\DDD_CQRS_Sample.Infrastructure.csproj", "{1473BFD1-A109-41F7-9AF6-BC1BB4656B0B}"
EndProject
Global
	GlobalSection(SolutionConfigurationPlatforms) = preSolution
		Debug|Any CPU = Debug|Any CPU
		Release|Any CPU = Release|Any CPU
	EndGlobalSection
	GlobalSection(ProjectConfigurationPlatforms) = postSolution
		{7C1A5B86-ED79-4227-AA97-F5CD1A2B1F19}.Debug|Any CPU.ActiveCfg = Debug|Any CPU
		{7C1A5B86-ED79-4227-AA97-F5CD1A2B1F19}.Debug|Any CPU.Build.0 = Debug|Any CPU
		{7C1A5B86-ED79-4227-AA97-F5CD1A2B1F19}.Release|Any CPU.ActiveCfg = Release|Any CPU
		{7C1A5B86-ED79-4227-AA97-F5CD1A2B1F19}.Release|Any CPU.Build.0 = Release|Any CPU
		{5DFADCF9-9F01-48F1-8D22-F916522E676F}.Debug|Any CPU.ActiveCfg = Debug|Any CPU
		{5DFADCF9-9F01-48F1-8D22-F916522E676F}.Debug|Any CPU.Build.0 = Debug|Any CPU
		{5DFADCF9-9F01-48F1-8D22-F916522E676F}.Release|Any CPU.ActiveCfg = Release|Any CPU
		{5DFADCF9-9F01-48F1-8D22-F916522E676F}.Release|Any CPU.Build.0 = Release|Any CPU
		{A6A2C00B-7065-4334-8AE9-6BF8C7B7A0C5}.Debug|Any CPU.ActiveCfg = Debug|Any CPU
		{A6A2C00B-7065-4334-8AE9-6BF8C7B7A0C5}.Debug|Any CPU.Build.0 = Debug|Any CPU
		{A6A2C00B-7065-4334-8AE9-6BF8C7B7A0C5}.Release|Any CPU.ActiveCfg = Release|Any CPU
		{A6A2C00B-7065-4334-8AE9-6BF8C7B7A0C5}.Release|Any CPU.Build.0 = Release|Any CPU
		{3300CE2A-7ED1-46B8-A56D-40F76B440318}.Debug|Any CPU.ActiveCfg = Debug|Any CPU
		{3300CE2A-7ED1-46B8-A56D-40F76B440318}.Debug|Any CPU.Build.0 = Debug|Any CPU
		{3300CE2A-7ED1-46B8-A56D-40F76B440318}.Release|Any CPU.ActiveCfg = Release|Any CPU
		{3300CE2A-7ED1-46B8-A56D-40F76B440318}.Release|Any CPU.Build.0 = Release|Any CPU
		{1473BFD1-A109-41F7-9AF6-BC1BB4656B0B}.Debug|Any CPU.ActiveCfg = Debug|Any CPU
		{1473BFD1-A109-41F7-9AF6-BC1BB4656B0B}.Debug|Any CPU.Build.0 = Debug|Any CPU
		{1473BFD1-A109-41F7-9AF6-BC1BB4656B0B}.Release|Any CPU.ActiveCfg = Release|Any CPU
		{1473BFD1-A109-41F7-9AF6-BC1BB4656B0B}.Release|Any CPU.Build.0 = Release|Any CPU
	EndGlobalSection
	GlobalSection(SolutionProperties) = preSolution
		HideSolutionNode = FALSE
	EndGlobalSection
	GlobalSection(NestedProjects) = preSolution
		{7C1A5B86-ED79-4227-AA97-F5CD1A2B1F19} = {FF14614C-DC47-4403-882A-566E234CE9BC}
		{5DFADCF9-9F01-48F1-8D22-F916522E676F} = {FF14614C-DC47-4403-882A-566E234CE9BC}
		{A6A2C00B-7065-4334-8AE9-6BF8C7B7A0C5} = {FF14614C-DC47-4403-882A-566E234CE9BC}
		{3300CE2A-7ED1-46B8-A56D-40F76B440318} = {FF14614C-DC47-4403-882A-566E234CE9BC}
		{1473BFD1-A109-41F7-9AF6-BC1BB4656B0B} = {FF14614C-DC47-4403-882A-566E234CE9BC}
	EndGlobalSection
	GlobalSection(ExtensibilityGlobals) = postSolution
		SolutionGuid = {AFB7EE7A-130C-4C9E-BEF6-E187AC51F0C2}
	EndGlobalSection
EndGlobal
